
Microsoft Visual Studio Solution File, Format Version 12.00
# Visual Studio Version 17
VisualStudioVersion = 17.2.32630.192
MinimumVisualStudioVersion = 10.0.40219.1
Project("{FAE04EC0-301F-11D3-BF4B-00C04F79EFBC}") = "Identity Access Management", "Identity Access Management\Identity Access Management.csproj", "{0F35BD03-777B-4FC8-BFFF-0EE8CFDD7761}"
EndProject
Global
	GlobalSection(SolutionConfigurationPlatforms) = preSolution
		Debug|Any CPU = Debug|Any CPU
		Release|Any CPU = Release|Any CPU
	EndGlobalSection
	GlobalSection(ProjectConfigurationPlatforms) = postSolution
		{0F35BD03-777B-4FC8-BFFF-0EE8CFDD7761}.Debug|Any CPU.ActiveCfg = Debug|Any CPU
		{0F35BD03-777B-4FC8-BFFF-0EE8CFDD7761}.Debug|Any CPU.Build.0 = Debug|Any CPU
		{0F35BD03-777B-4FC8-BFFF-0EE8CFDD7761}.Release|Any CPU.ActiveCfg = Release|Any CPU
		{0F35BD03-777B-4FC8-BFFF-0EE8CFDD7761}.Release|Any CPU.Build.0 = Release|Any CPU
	EndGlobalSection
	GlobalSection(SolutionProperties) = preSolution
		HideSolutionNode = FALSE
	EndGlobalSection
	GlobalSection(ExtensibilityGlobals) = postSolution
		SolutionGuid = {A33C3EC0-2C66-4A5C-BE7C-2BF59D6B45AE}
	EndGlobalSection
EndGlobal
